{
  "object": {
    "pins": [
      {
        "package": "SwipeCell",
        "repositoryURL": "https://github.com/EnesKaraosman/SwipeCell",
        "state": {
          "branch": null,
          "revision": "1db897152f2780f4886e0f1fc884766735a88f17",
          "version": "0.1.2"
        }
      }
    ]
  },
  "version": 1
}
